Microsoft Visual Studio Solution File, Format Version 12.00
# Visual Studio Version 17
VisualStudioVersion = 17.0.31903.59
MinimumVisualStudioVersion = 10.0.40219.1
Project("{FAE04EC0-301F-11D3-BF4B-00C04F79EFBC}") = "BogusExample.API", "\BogusExample.API\BogusExample.API.csproj", "{7FD7651F-BD62-4BD1-BF9D-4D0625E52CE3}"
EndProject
Project("{FAE04EC0-301F-11D3-BF4B-00C04F79EFBC}") = "BogusExample.Core", "\BogusExample.Core\BogusExample.Core.csproj", "{49D912EE-ACE0-474A-814E-7EBD81D51BB2}"
EndProject
Project("{FAE04EC0-301F-11D3-BF4B-00C04F79EFBC}") = "BogusExample.Tests", "\BogusExample.Tests\BogusExample.Tests.csproj", "{B169714A-34A6-45E8-A8EC-371B42D5FC83}"
EndProject
Global
    GlobalSection(SolutionConfigurationPlatforms) = preSolution
        Debug|Any CPU = Debug|Any CPU
        Release|Any CPU = Release|Any CPU
    EndGlobalSection
    GlobalSection(SolutionProperties) = preSolution
        HideSolutionNode = FALSE
    EndGlobalSection
    GlobalSection(ProjectConfigurationPlatforms) = postSolution
        {7FD7651F-BD62-4BD1-BF9D-4D0625E52CE3}.Debug|Any CPU.ActiveCfg = Debug|Any CPU
        {7FD7651F-BD62-4BD1-BF9D-4D0625E52CE3}.Debug|Any CPU.Build.0 = Debug|Any CPU
        {7FD7651F-BD62-4BD1-BF9D-4D0625E52CE3}.Release|Any CPU.ActiveCfg = Release|Any CPU
        {7FD7651F-BD62-4BD1-BF9D-4D0625E52CE3}.Release|Any CPU.Build.0 = Release|Any CPU
        {49D912EE-ACE0-474A-814E-7EBD81D51BB2}.Debug|Any CPU.ActiveCfg = Debug|Any CPU
        {49D912EE-ACE0-474A-814E-7EBD81D51BB2}.Debug|Any CPU.Build.0 = Debug|Any CPU
        {49D912EE-ACE0-474A-814E-7EBD81D51BB2}.Release|Any CPU.ActiveCfg = Release|Any CPU
        {49D912EE-ACE0-474A-814E-7EBD81D51BB2}.Release|Any CPU.Build.0 = Release|Any CPU
        {B169714A-34A6-45E8-A8EC-371B42D5FC83}.Debug|Any CPU.ActiveCfg = Debug|Any CPU
        {B169714A-34A6-45E8-A8EC-371B42D5FC83}.Debug|Any CPU.Build.0 = Debug|Any CPU
        {B169714A-34A6-45E8-A8EC-371B42D5FC83}.Release|Any CPU.ActiveCfg = Release|Any CPU
        {B169714A-34A6-45E8-A8EC-371B42D5FC83}.Release|Any CPU.Build.0 = Release|Any CPU
    EndGlobalSection
EndGlobal
